
Microsoft Visual Studio Solution File, Format Version 12.00
# Visual Studio Version 17
VisualStudioVersion = 17.7.34221.43
MinimumVisualStudioVersion = 10.0.40219.1
Project("{FAE04EC0-301F-11D3-BF4B-00C04F79EFBC}") = "CalcClient2", "CalcClient2.csproj", "{A47C13DA-B063-4F91-9C44-D8B525A78F2E}"
EndProject
Global
	GlobalSection(SolutionConfigurationPlatforms) = preSolution
		Debug|Any CPU = Debug|Any CPU
		Release|Any CPU = Release|Any CPU
	EndGlobalSection
	GlobalSection(ProjectConfigurationPlatforms) = postSolution
		{A47C13DA-B063-4F91-9C44-D8B525A78F2E}.Debug|Any CPU.ActiveCfg = Debug|Any CPU
		{A47C13DA-B063-4F91-9C44-D8B525A78F2E}.Debug|Any CPU.Build.0 = Debug|Any CPU
		{A47C13DA-B063-4F91-9C44-D8B525A78F2E}.Release|Any CPU.ActiveCfg = Release|Any CPU
		{A47C13DA-B063-4F91-9C44-D8B525A78F2E}.Release|Any CPU.Build.0 = Release|Any CPU
	EndGlobalSection
	GlobalSection(SolutionProperties) = preSolution
		HideSolutionNode = FALSE
	EndGlobalSection
	GlobalSection(ExtensibilityGlobals) = postSolution
		SolutionGuid = {B52E705F-9F37-4BA6-BF72-45378336235A}
	EndGlobalSection
EndGlobal
